// !$*UTF8*$!
{
	archiveVersion = 1;
	classes = {
	};
	objectVersion = 70;
	objects = {

/* Begin PBXBuildFile section */
		B812B1982A5112E5000126B1 /* AppDelegate.swift in Sources */ = {isa = PBXBuildFile; fileRef = B812B1972A5112E5000126B1 /* AppDelegate.swift */; };
		B812B1A12A5112E5000126B1 /* Assets.xcassets in Resources */ = {isa = PBXBuildFile; fileRef = B812B1A02A5112E5000126B1 /* Assets.xcassets */; };
		B812B1AC2A5119E7000126B1 /* VideoViewController.swift in Sources */ = {isa = PBXBuildFile; fileRef = B812B1AB2A5119E7000126B1 /* VideoViewController.swift */; };
		B812B1AE2A511D99000126B1 /* StartViewController.swift in Sources */ = {isa = PBXBuildFile; fileRef = B812B1AD2A511D99000126B1 /* StartViewController.swift */; };
		B8271FD22D15B5A500BD6F8A /* PhotoViewController.swift in Sources */ = {isa = PBXBuildFile; fileRef = B8271FD12D15B5A500BD6F8A /* PhotoViewController.swift */; };
		B87008DF2D0B536100C83F1D /* AndyViewController.swift in Sources */ = {isa = PBXBuildFile; fileRef = B87008DE2D0B536100C83F1D /* AndyViewController.swift */; };
		B87008E12D11BE7600C83F1D /* AdminViewController.swift in Sources */ = {isa = PBXBuildFile; fileRef = B87008E02D11BE7600C83F1D /* AdminViewController.swift */; };
		B87008E32D11C5A500C83F1D /* PlaybackManager.swift in Sources */ = {isa = PBXBuildFile; fileRef = B87008E22D11C5A500C83F1D /* PlaybackManager.swift */; };
/* End PBXBuildFile section */

/* Begin PBXContainerItemProxy section */
		B87008EE2D1313FE00C83F1D /* PBXContainerItemProxy */ = {
			isa = PBXContainerItemProxy;
			containerPortal = B812B18C2A5112E5000126B1 /* Project object */;
			proxyType = 1;
			remoteGlobalIDString = B812B1932A5112E5000126B1;
			remoteInfo = AndyTime2;
		};
/* End PBXContainerItemProxy section */

/* Begin PBXFileReference section */
		B812B1942A5112E5000126B1 /* AndyTime2.app */ = {isa = PBXFileReference; explicitFileType = wrapper.application; includeInIndex = 0; path = AndyTime2.app; sourceTree = BUILT_PRODUCTS_DIR; };
		B812B1972A5112E5000126B1 /* AppDelegate.swift */ = {isa = PBXFileReference; lastKnownFileType = sourcecode.swift; path = AppDelegate.swift; sourceTree = "<group>"; };
		B812B1A02A5112E5000126B1 /* Assets.xcassets */ = {isa = PBXFileReference; lastKnownFileType = folder.assetcatalog; path = Assets.xcassets; sourceTree = "<group>"; };
		B812B1A52A5112E5000126B1 /* Info.plist */ = {isa = PBXFileReference; lastKnownFileType = text.plist.xml; path = Info.plist; sourceTree = "<group>"; };
		B812B1AB2A5119E7000126B1 /* VideoViewController.swift */ = {isa = PBXFileReference; lastKnownFileType = sourcecode.swift; path = VideoViewController.swift; sourceTree = "<group>"; };
		B812B1AD2A511D99000126B1 /* StartViewController.swift */ = {isa = PBXFileReference; lastKnownFileType = sourcecode.swift; path = StartViewController.swift; sourceTree = "<group>"; };
		B8271FD12D15B5A500BD6F8A /* PhotoViewController.swift */ = {isa = PBXFileReference; lastKnownFileType = sourcecode.swift; path = PhotoViewController.swift; sourceTree = "<group>"; };
		B87008DE2D0B536100C83F1D /* AndyViewController.swift */ = {isa = PBXFileReference; lastKnownFileType = sourcecode.swift; path = AndyViewController.swift; sourceTree = "<group>"; };
		B87008E02D11BE7600C83F1D /* AdminViewController.swift */ = {isa = PBXFileReference; lastKnownFileType = sourcecode.swift; path = AdminViewController.swift; sourceTree = "<group>"; };
		B87008E22D11C5A500C83F1D /* PlaybackManager.swift */ = {isa = PBXFileReference; lastKnownFileType = sourcecode.swift; path = PlaybackManager.swift; sourceTree = "<group>"; };
		B87008EA2D1313FE00C83F1D /* AndyTimeTests.xctest */ = {isa = PBXFileReference; explicitFileType = wrapper.cfbundle; includeInIndex = 0; path = AndyTimeTests.xctest; sourceTree = BUILT_PRODUCTS_DIR; };
/* End PBXFileReference section */

/* Begin PBXFileSystemSynchronizedRootGroup section */
		B87008EB2D1313FE00C83F1D /* AndyTimeTests */ = {isa = PBXFileSystemSynchronizedRootGroup; explicitFileTypes = {}; explicitFolders = (); path = AndyTimeTests; sourceTree = "<group>"; };
/* End PBXFileSystemSynchronizedRootGroup section */

/* Begin PBXFrameworksBuildPhase section */
		B812B1912A5112E5000126B1 /* Frameworks */ = {
			isa = PBXFrameworksBuildPhase;
			buildActionMask = 2147483647;
			files = (
			);
			runOnlyForDeploymentPostprocessing = 0;
		};
		B87008E72D1313FE00C83F1D /* Frameworks */ = {
			isa = PBXFrameworksBuildPhase;
			buildActionMask = 2147483647;
			files = (
			);
			runOnlyForDeploymentPostprocessing = 0;
		};
/* End PBXFrameworksBuildPhase section */

/* Begin PBXGroup section */
		B812B18B2A5112E5000126B1 = {
			isa = PBXGroup;
			children = (
				B812B1962A5112E5000126B1 /* AndyTime2 */,
				B87008EB2D1313FE00C83F1D /* AndyTimeTests */,
				B812B1952A5112E5000126B1 /* Products */,
			);
			sourceTree = "<group>";
		};
		B812B1952A5112E5000126B1 /* Products */ = {
			isa = PBXGroup;
			children = (
				B812B1942A5112E5000126B1 /* AndyTime2.app */,
				B87008EA2D1313FE00C83F1D /* AndyTimeTests.xctest */,
			);
			name = Products;
			sourceTree = "<group>";
		};
		B812B1962A5112E5000126B1 /* AndyTime2 */ = {
			isa = PBXGroup;
			children = (
				B8271FD12D15B5A500BD6F8A /* PhotoViewController.swift */,
				B87008E02D11BE7600C83F1D /* AdminViewController.swift */,
				B87008DE2D0B536100C83F1D /* AndyViewController.swift */,
				B812B1972A5112E5000126B1 /* AppDelegate.swift */,
				B87008E22D11C5A500C83F1D /* PlaybackManager.swift */,
				B812B1AD2A511D99000126B1 /* StartViewController.swift */,
				B812B1AB2A5119E7000126B1 /* VideoViewController.swift */,
				B812B1A02A5112E5000126B1 /* Assets.xcassets */,
				B812B1A52A5112E5000126B1 /* Info.plist */,
			);
			path = AndyTime2;
			sourceTree = "<group>";
		};
/* End PBXGroup section */

/* Begin PBXNativeTarget section */
		B812B1932A5112E5000126B1 /* AndyTime2 */ = {
			isa = PBXNativeTarget;
			buildConfigurationList = B812B1A82A5112E5000126B1 /* Build configuration list for PBXNativeTarget "AndyTime2" */;
			buildPhases = (
				B812B1902A5112E5000126B1 /* Sources */,
				B812B1912A5112E5000126B1 /* Frameworks */,
				B812B1922A5112E5000126B1 /* Resources */,
			);
			buildRules = (
			);
			dependencies = (
			);
			name = AndyTime2;
			productName = AndyTime2;
			productReference = B812B1942A5112E5000126B1 /* AndyTime2.app */;
			productType = "com.apple.product-type.application";
		};
		B87008E92D1313FE00C83F1D /* AndyTimeTests */ = {
			isa = PBXNativeTarget;
			buildConfigurationList = B87008F02D1313FE00C83F1D /* Build configuration list for PBXNativeTarget "AndyTimeTests" */;
			buildPhases = (
				B87008E62D1313FE00C83F1D /* Sources */,
				B87008E72D1313FE00C83F1D /* Frameworks */,
				B87008E82D1313FE00C83F1D /* Resources */,
			);
			buildRules = (
			);
			dependencies = (
				B87008EF2D1313FE00C83F1D /* PBXTargetDependency */,
			);
			fileSystemSynchronizedGroups = (
				B87008EB2D1313FE00C83F1D /* AndyTimeTests */,
			);
			name = AndyTimeTests;
			packageProductDependencies = (
			);
			productName = AndyTimeTests;
			productReference = B87008EA2D1313FE00C83F1D /* AndyTimeTests.xctest */;
			productType = "com.apple.product-type.bundle.unit-test";
		};
/* End PBXNativeTarget section */

/* Begin PBXProject section */
		B812B18C2A5112E5000126B1 /* Project object */ = {
			isa = PBXProject;
			attributes = {
				BuildIndependentTargetsInParallel = 1;
				LastSwiftUpdateCheck = 1610;
				LastUpgradeCheck = 1430;
				TargetAttributes = {
					B812B1932A5112E5000126B1 = {
						CreatedOnToolsVersion = 14.3.1;
					};
					B87008E92D1313FE00C83F1D = {
						CreatedOnToolsVersion = 16.1;
						TestTargetID = B812B1932A5112E5000126B1;
					};
				};
			};
			buildConfigurationList = B812B18F2A5112E5000126B1 /* Build configuration list for PBXProject "AndyTime2" */;
			compatibilityVersion = "Xcode 14.0";
			developmentRegion = en;
			hasScannedForEncodings = 0;
			knownRegions = (
				en,
				Base,
			);
			mainGroup = B812B18B2A5112E5000126B1;
			productRefGroup = B812B1952A5112E5000126B1 /* Products */;
			projectDirPath = "";
			projectRoot = "";
			targets = (
				B812B1932A5112E5000126B1 /* AndyTime2 */,
				B87008E92D1313FE00C83F1D /* AndyTimeTests */,
			);
		};
/* End PBXProject section */

/* Begin PBXResourcesBuildPhase section */
		B812B1922A5112E5000126B1 /* Resources */ = {
			isa = PBXResourcesBuildPhase;
			buildActionMask = 2147483647;
			files = (
				B812B1A12A5112E5000126B1 /* Assets.xcassets in Resources */,
			);
			runOnlyForDeploymentPostprocessing = 0;
		};
		B87008E82D1313FE00C83F1D /* Resources */ = {
			isa = PBXResourcesBuildPhase;
			buildActionMask = 2147483647;
			files = (
			);
			runOnlyForDeploymentPostprocessing = 0;
		};
/* End PBXResourcesBuildPhase section */

/* Begin PBXSourcesBuildPhase section */
		B812B1902A5112E5000126B1 /* Sources */ = {
			isa = PBXSourcesBuildPhase;
			buildActionMask = 2147483647;
			files = (
				B87008DF2D0B536100C83F1D /* AndyViewController.swift in Sources */,
				B87008E32D11C5A500C83F1D /* PlaybackManager.swift in Sources */,
				B812B1AE2A511D99000126B1 /* StartViewController.swift in Sources */,
				B812B1982A5112E5000126B1 /* AppDelegate.swift in Sources */,
				B8271FD22D15B5A500BD6F8A /* PhotoViewController.swift in Sources */,
				B87008E12D11BE7600C83F1D /* AdminViewController.swift in Sources */,
				B812B1AC2A5119E7000126B1 /* VideoViewController.swift in Sources */,
			);
			runOnlyForDeploymentPostprocessing = 0;
		};
		B87008E62D1313FE00C83F1D /* Sources */ = {
			isa = PBXSourcesBuildPhase;
			buildActionMask = 2147483647;
			files = (
			);
			runOnlyForDeploymentPostprocessing = 0;
		};
/* End PBXSourcesBuildPhase section */

/* Begin PBXTargetDependency section */
		B87008EF2D1313FE00C83F1D /* PBXTargetDependency */ = {
			isa = PBXTargetDependency;
			target = B812B1932A5112E5000126B1 /* AndyTime2 */;
			targetProxy = B87008EE2D1313FE00C83F1D /* PBXContainerItemProxy */;
		};
/* End PBXTargetDependency section */

/* Begin XCBuildConfiguration section */
		B812B1A62A5112E5000126B1 /* Debug */ = {
			isa = XCBuildConfiguration;
			buildSettings = {
				ALWAYS_SEARCH_USER_PATHS = NO;
				CLANG_ANALYZER_NONNULL = YES;
				CLANG_ANALYZER_NUMBER_OBJECT_CONVERSION = YES_AGGRESSIVE;
				CLANG_CXX_LANGUAGE_STANDARD = "gnu++20";
				CLANG_ENABLE_MODULES = YES;
				CLANG_ENABLE_OBJC_ARC = YES;
				CLANG_ENABLE_OBJC_WEAK = YES;
				CLANG_WARN_BLOCK_CAPTURE_AUTORELEASING = YES;
				CLANG_WARN_BOOL_CONVERSION = YES;
				CLANG_WARN_COMMA = YES;
				CLANG_WARN_CONSTANT_CONVERSION = YES;
				CLANG_WARN_DEPRECATED_OBJC_IMPLEMENTATIONS = YES;
				CLANG_WARN_DIRECT_OBJC_ISA_USAGE = YES_ERROR;
				CLANG_WARN_DOCUMENTATION_COMMENTS = YES;
				CLANG_WARN_EMPTY_BODY = YES;
				CLANG_WARN_ENUM_CONVERSION = YES;
				CLANG_WARN_INFINITE_RECURSION = YES;
				CLANG_WARN_INT_CONVERSION = YES;
				CLANG_WARN_NON_LITERAL_NULL_CONVERSION = YES;
				CLANG_WARN_OBJC_IMPLICIT_RETAIN_SELF = YES;
				CLANG_WARN_OBJC_LITERAL_CONVERSION = YES;
				CLANG_WARN_OBJC_ROOT_CLASS = YES_ERROR;
				CLANG_WARN_QUOTED_INCLUDE_IN_FRAMEWORK_HEADER = YES;
				CLANG_WARN_RANGE_LOOP_ANALYSIS = YES;
				CLANG_WARN_STRICT_PROTOTYPES = YES;
				CLANG_WARN_SUSPICIOUS_MOVE = YES;
				CLANG_WARN_UNGUARDED_AVAILABILITY = YES_AGGRESSIVE;
				CLANG_WARN_UNREACHABLE_CODE = YES;
				CLANG_WARN__DUPLICATE_METHOD_MATCH = YES;
				COPY_PHASE_STRIP = NO;
				DEBUG_INFORMATION_FORMAT = dwarf;
				ENABLE_STRICT_OBJC_MSGSEND = YES;
				ENABLE_TESTABILITY = YES;
				GCC_C_LANGUAGE_STANDARD = gnu11;
				GCC_DYNAMIC_NO_PIC = NO;
				GCC_NO_COMMON_BLOCKS = YES;
				GCC_OPTIMIZATION_LEVEL = 0;
				GCC_PREPROCESSOR_DEFINITIONS = (
					"DEBUG=1",
					"$(inherited)",
				);
				GCC_WARN_64_TO_32_BIT_CONVERSION = YES;
				GCC_WARN_ABOUT_RETURN_TYPE = YES_ERROR;
				GCC_WARN_UNDECLARED_SELECTOR = YES;
				GCC_WARN_UNINITIALIZED_AUTOS = YES_AGGRESSIVE;
				GCC_WARN_UNUSED_FUNCTION = YES;
				GCC_WARN_UNUSED_VARIABLE = YES;
				IPHONEOS_DEPLOYMENT_TARGET = 15.0;
				MTL_ENABLE_DEBUG_INFO = INCLUDE_SOURCE;
				MTL_FAST_MATH = YES;
				ONLY_ACTIVE_ARCH = YES;
				SDKROOT = iphoneos;
				SWIFT_ACTIVE_COMPILATION_CONDITIONS = DEBUG;
				SWIFT_OPTIMIZATION_LEVEL = "-Onone";
			};
			name = Debug;
		};
		B812B1A72A5112E5000126B1 /* Release */ = {
			isa = XCBuildConfiguration;
			buildSettings = {
				ALWAYS_SEARCH_USER_PATHS = NO;
				CLANG_ANALYZER_NONNULL = YES;
				CLANG_ANALYZER_NUMBER_OBJECT_CONVERSION = YES_AGGRESSIVE;
				CLANG_CXX_LANGUAGE_STANDARD = "gnu++20";
				CLANG_ENABLE_MODULES = YES;
				CLANG_ENABLE_OBJC_ARC = YES;
				CLANG_ENABLE_OBJC_WEAK = YES;
				CLANG_WARN_BLOCK_CAPTURE_AUTORELEASING = YES;
				CLANG_WARN_BOOL_CONVERSION = YES;
				CLANG_WARN_COMMA = YES;
				CLANG_WARN_CONSTANT_CONVERSION = YES;
				CLANG_WARN_DEPRECATED_OBJC_IMPLEMENTATIONS = YES;
				CLANG_WARN_DIRECT_OBJC_ISA_USAGE = YES_ERROR;
				CLANG_WARN_DOCUMENTATION_COMMENTS = YES;
				CLANG_WARN_EMPTY_BODY = YES;
				CLANG_WARN_ENUM_CONVERSION = YES;
				CLANG_WARN_INFINITE_RECURSION = YES;
				CLANG_WARN_INT_CONVERSION = YES;
				CLANG_WARN_NON_LITERAL_NULL_CONVERSION = YES;
				CLANG_WARN_OBJC_IMPLICIT_RETAIN_SELF = YES;
				CLANG_WARN_OBJC_LITERAL_CONVERSION = YES;
				CLANG_WARN_OBJC_ROOT_CLASS = YES_ERROR;
				CLANG_WARN_QUOTED_INCLUDE_IN_FRAMEWORK_HEADER = YES;
				CLANG_WARN_RANGE_LOOP_ANALYSIS = YES;
				CLANG_WARN_STRICT_PROTOTYPES = YES;
				CLANG_WARN_SUSPICIOUS_MOVE = YES;
				CLANG_WARN_UNGUARDED_AVAILABILITY = YES_AGGRESSIVE;
				CLANG_WARN_UNREACHABLE_CODE = YES;
				CLANG_WARN__DUPLICATE_METHOD_MATCH = YES;
				COPY_PHASE_STRIP = NO;
				DEBUG_INFORMATION_FORMAT = "dwarf-with-dsym";
				ENABLE_NS_ASSERTIONS = NO;
				ENABLE_STRICT_OBJC_MSGSEND = YES;
				GCC_C_LANGUAGE_STANDARD = gnu11;
				GCC_NO_COMMON_BLOCKS = YES;
				GCC_WARN_64_TO_32_BIT_CONVERSION = YES;
				GCC_WARN_ABOUT_RETURN_TYPE = YES_ERROR;
				GCC_WARN_UNDECLARED_SELECTOR = YES;
				GCC_WARN_UNINITIALIZED_AUTOS = YES_AGGRESSIVE;
				GCC_WARN_UNUSED_FUNCTION = YES;
				GCC_WARN_UNUSED_VARIABLE = YES;
				IPHONEOS_DEPLOYMENT_TARGET = 15.0;
				MTL_ENABLE_DEBUG_INFO = NO;
				MTL_FAST_MATH = YES;
				SDKROOT = iphoneos;
				SWIFT_COMPILATION_MODE = wholemodule;
				SWIFT_OPTIMIZATION_LEVEL = "-O";
				VALIDATE_PRODUCT = YES;
			};
			name = Release;
		};
		B812B1A92A5112E5000126B1 /* Debug */ = {
			isa = XCBuildConfiguration;
			buildSettings = {
				ASSETCATALOG_COMPILER_APPICON_NAME = AppIcon;
				ASSETCATALOG_COMPILER_GLOBAL_ACCENT_COLOR_NAME = AccentColor;
				CODE_SIGN_STYLE = Automatic;
				CURRENT_PROJECT_VERSION = 1;
				DEVELOPMENT_TEAM = T9HAK7CXKV;
				GENERATE_INFOPLIST_FILE = YES;
				INFOPLIST_FILE = AndyTime2/Info.plist;
				INFOPLIST_KEY_LSSupportsOpeningDocumentsInPlace = YES;
				INFOPLIST_KEY_NSPhotoLibraryUsageDescription = "App displays your videos";
				INFOPLIST_KEY_UISupportedInterfaceOrientations_iPad = "UIInterfaceOrientationPortrait UIInterfaceOrientationPortraitUpsideDown UIInterfaceOrientationLandscapeLeft UIInterfaceOrientationLandscapeRight";
				INFOPLIST_KEY_UISupportedInterfaceOrientations_iPhone = "UIInterfaceOrientationPortrait UIInterfaceOrientationLandscapeLeft UIInterfaceOrientationLandscapeRight";
				LD_RUNPATH_SEARCH_PATHS = (
					"$(inherited)",
					"@executable_path/Frameworks",
				);
				MARKETING_VERSION = 1.0;
				PRODUCT_BUNDLE_IDENTIFIER = com.mdonahoe.AndyTime2;
				PRODUCT_NAME = "$(TARGET_NAME)";
				SWIFT_EMIT_LOC_STRINGS = YES;
				SWIFT_VERSION = 5.0;
				TARGETED_DEVICE_FAMILY = "1,2";
			};
			name = Debug;
		};
		B812B1AA2A5112E5000126B1 /* Release */ = {
			isa = XCBuildConfiguration;
			buildSettings = {
				ASSETCATALOG_COMPILER_APPICON_NAME = AppIcon;
				ASSETCATALOG_COMPILER_GLOBAL_ACCENT_COLOR_NAME = AccentColor;
				CODE_SIGN_STYLE = Automatic;
				CURRENT_PROJECT_VERSION = 1;
				DEVELOPMENT_TEAM = T9HAK7CXKV;
				GENERATE_INFOPLIST_FILE = YES;
				INFOPLIST_FILE = AndyTime2/Info.plist;
				INFOPLIST_KEY_LSSupportsOpeningDocumentsInPlace = YES;
				INFOPLIST_KEY_NSPhotoLibraryUsageDescription = "App displays your videos";
				INFOPLIST_KEY_UISupportedInterfaceOrientations_iPad = "UIInterfaceOrientationPortrait UIInterfaceOrientationPortraitUpsideDown UIInterfaceOrientationLandscapeLeft UIInterfaceOrientationLandscapeRight";
				INFOPLIST_KEY_UISupportedInterfaceOrientations_iPhone = "UIInterfaceOrientationPortrait UIInterfaceOrientationLandscapeLeft UIInterfaceOrientationLandscapeRight";
				LD_RUNPATH_SEARCH_PATHS = (
					"$(inherited)",
					"@executable_path/Frameworks",
				);
				MARKETING_VERSION = 1.0;
				PRODUCT_BUNDLE_IDENTIFIER = com.mdonahoe.AndyTime2;
				PRODUCT_NAME = "$(TARGET_NAME)";
				SWIFT_EMIT_LOC_STRINGS = YES;
				SWIFT_VERSION = 5.0;
				TARGETED_DEVICE_FAMILY = "1,2";
			};
			name = Release;
		};
		B87008F12D1313FE00C83F1D /* Debug */ = {
			isa = XCBuildConfiguration;
			buildSettings = {
				ASSETCATALOG_COMPILER_GENERATE_SWIFT_ASSET_SYMBOL_EXTENSIONS = YES;
				BUNDLE_LOADER = "$(TEST_HOST)";
				CODE_SIGN_STYLE = Automatic;
				CURRENT_PROJECT_VERSION = 1;
				DEVELOPMENT_TEAM = T9HAK7CXKV;
				ENABLE_USER_SCRIPT_SANDBOXING = YES;
				GCC_C_LANGUAGE_STANDARD = gnu17;
				GENERATE_INFOPLIST_FILE = YES;
				IPHONEOS_DEPLOYMENT_TARGET = 18.1;
				LOCALIZATION_PREFERS_STRING_CATALOGS = YES;
				MARKETING_VERSION = 1.0;
				PRODUCT_BUNDLE_IDENTIFIER = com.mdonahoe.AndyTimeTests;
				PRODUCT_NAME = "$(TARGET_NAME)";
				SWIFT_ACTIVE_COMPILATION_CONDITIONS = "DEBUG $(inherited)";
				SWIFT_EMIT_LOC_STRINGS = NO;
				SWIFT_VERSION = 5.0;
				TARGETED_DEVICE_FAMILY = "1,2";
				TEST_HOST = "$(BUILT_PRODUCTS_DIR)/AndyTime2.app/$(BUNDLE_EXECUTABLE_FOLDER_PATH)/AndyTime2";
			};
			name = Debug;
		};
		B87008F22D1313FE00C83F1D /* Release */ = {
			isa = XCBuildConfiguration;
			buildSettings = {
				ASSETCATALOG_COMPILER_GENERATE_SWIFT_ASSET_SYMBOL_EXTENSIONS = YES;
				BUNDLE_LOADER = "$(TEST_HOST)";
				CODE_SIGN_STYLE = Automatic;
				CURRENT_PROJECT_VERSION = 1;
				DEVELOPMENT_TEAM = T9HAK7CXKV;
				ENABLE_USER_SCRIPT_SANDBOXING = YES;
				GCC_C_LANGUAGE_STANDARD = gnu17;
				GENERATE_INFOPLIST_FILE = YES;
				IPHONEOS_DEPLOYMENT_TARGET = 18.1;
				LOCALIZATION_PREFERS_STRING_CATALOGS = YES;
				MARKETING_VERSION = 1.0;
				PRODUCT_BUNDLE_IDENTIFIER = com.mdonahoe.AndyTimeTests;
				PRODUCT_NAME = "$(TARGET_NAME)";
				SWIFT_EMIT_LOC_STRINGS = NO;
				SWIFT_VERSION = 5.0;
				TARGETED_DEVICE_FAMILY = "1,2";
				TEST_HOST = "$(BUILT_PRODUCTS_DIR)/AndyTime2.app/$(BUNDLE_EXECUTABLE_FOLDER_PATH)/AndyTime2";
			};
			name = Release;
		};
/* End XCBuildConfiguration section */

/* Begin XCConfigurationList section */
		B812B18F2A5112E5000126B1 /* Build configuration list for PBXProject "AndyTime2" */ = {
			isa = XCConfigurationList;
			buildConfigurations = (
				B812B1A62A5112E5000126B1 /* Debug */,
				B812B1A72A5112E5000126B1 /* Release */,
			);
			defaultConfigurationIsVisible = 0;
			defaultConfigurationName = Release;
		};
		B812B1A82A5112E5000126B1 /* Build configuration list for PBXNativeTarget "AndyTime2" */ = {
			isa = XCConfigurationList;
			buildConfigurations = (
				B812B1A92A5112E5000126B1 /* Debug */,
				B812B1AA2A5112E5000126B1 /* Release */,
			);
			defaultConfigurationIsVisible = 0;
			defaultConfigurationName = Release;
		};
		B87008F02D1313FE00C83F1D /* Build configuration list for PBXNativeTarget "AndyTimeTests" */ = {
			isa = XCConfigurationList;
			buildConfigurations = (
				B87008F12D1313FE00C83F1D /* Debug */,
				B87008F22D1313FE00C83F1D /* Release */,
			);
			defaultConfigurationIsVisible = 0;
			defaultConfigurationName = Release;
		};
/* End XCConfigurationList section */
	};
	rootObject = B812B18C2A5112E5000126B1 /* Project object */;
}
